
Microsoft Visual Studio Solution File, Format Version 12.00
# Visual Studio 15
VisualStudioVersion = 15.0.28307.271
MinimumVisualStudioVersion = 10.0.40219.1
Project("{FAE04EC0-301F-11D3-BF4B-00C04F79EFBC}") = "GenelProje", "GenelProje\GenelProje.csproj", "{78383356-8C36-419B-970A-042A5E6A1053}"
EndProject
Global
	GlobalSection(SolutionConfigurationPlatforms) = preSolution
		Debug|Any CPU = Debug|Any CPU
		Release|Any CPU = Release|Any CPU
	EndGlobalSection
	GlobalSection(ProjectConfigurationPlatforms) = postSolution
		{78383356-8C36-419B-970A-042A5E6A1053}.Debug|Any CPU.ActiveCfg = Debug|Any CPU
		{78383356-8C36-419B-970A-042A5E6A1053}.Debug|Any CPU.Build.0 = Debug|Any CPU
		{78383356-8C36-419B-970A-042A5E6A1053}.Release|Any CPU.ActiveCfg = Release|Any CPU
		{78383356-8C36-419B-970A-042A5E6A1053}.Release|Any CPU.Build.0 = Release|Any CPU
	EndGlobalSection
	GlobalSection(SolutionProperties) = preSolution
		HideSolutionNode = FALSE
	EndGlobalSection
	GlobalSection(ExtensibilityGlobals) = postSolution
		SolutionGuid = {AADC098D-C057-413E-B3DB-0C25F66EC085}
	EndGlobalSection
EndGlobal
